
Microsoft Visual Studio Solution File, Format Version 12.00
# Visual Studio Version 16
VisualStudioVersion = 16.0.34407.143
MinimumVisualStudioVersion = 10.0.40219.1
Project("{FAE04EC0-301F-11D3-BF4B-00C04F79EFBC}") = "HorizonDrive", "HorizonDrive\HorizonDrive.csproj", "{4AFA5379-2C71-42E7-B55A-875EDFD301BA}"
EndProject
Global
	GlobalSection(SolutionConfigurationPlatforms) = preSolution
		Debug|Any CPU = Debug|Any CPU
		Release|Any CPU = Release|Any CPU
	EndGlobalSection
	GlobalSection(ProjectConfigurationPlatforms) = postSolution
		{4AFA5379-2C71-42E7-B55A-875EDFD301BA}.Debug|Any CPU.ActiveCfg = Debug|Any CPU
		{4AFA5379-2C71-42E7-B55A-875EDFD301BA}.Debug|Any CPU.Build.0 = Debug|Any CPU
		{4AFA5379-2C71-42E7-B55A-875EDFD301BA}.Release|Any CPU.ActiveCfg = Release|Any CPU
		{4AFA5379-2C71-42E7-B55A-875EDFD301BA}.Release|Any CPU.Build.0 = Release|Any CPU
	EndGlobalSection
	GlobalSection(SolutionProperties) = preSolution
		HideSolutionNode = FALSE
	EndGlobalSection
	GlobalSection(ExtensibilityGlobals) = postSolution
		SolutionGuid = {7A34CA26-1CE7-476F-9028-AE71E3B9F51F}
	EndGlobalSection
EndGlobal
